# This file is autogenerated, do not edit; changes may be undone by the next 'dep ensure'.


[[projects]]
  digest = "1:318f1c959a8a740366fce4b1e1eb2fd914036b4af58fbd0a003349b305f118ad"
  name = "github.com/golang/protobuf"
  packages = ["proto"]
  pruneopts = "UT"
  revision = "b5d812f8a3706043e23a9cd5babf2e5423744d30"
  version = "v1.3.1"

[[projects]]
  digest = "1:28f703202167b0ee2be979b04d777c7ae8db24ad04a1c7a32f71c18ab36992f7"
  name = "github.com/viphxin/xingo"
  packages = [
    "cluster",
    "clusterserver",
    "fnet",
    "fserver",
    "iface",
    "logger",
    "sys_rpc",
    "telnetcmd",
    "timer",
    "utils",
  ]
  pruneopts = "UT"
  revision = "d91016d52426ce8273e51c64d51ad8c73b26c449"
  version = "v0.1-pre-release"

[[projects]]
  branch = "v2"
  digest = "1:988de7520a09024d5d94cd99bd545afbf194893994ec759b1cda0a0bbb6adb80"
  name = "gopkg.in/mgo.v2"
  packages = [
    ".",
    "bson",
    "internal/json",
    "internal/sasl",
    "internal/scram",
  ]
  pruneopts = "UT"
  revision = "9856a29383ce1c59f308dd1cf0363a79b5bef6b5"

[solve-meta]
  analyzer-name = "dep"
  analyzer-version = 1
  input-imports = [
    "github.com/golang/protobuf/proto",
    "github.com/viphxin/xingo/cluster",
    "github.com/viphxin/xingo/clusterserver",
    "github.com/viphxin/xingo/fnet",
    "github.com/viphxin/xingo/fserver",
    "github.com/viphxin/xingo/iface",
    "github.com/viphxin/xingo/logger",
    "github.com/viphxin/xingo/sys_rpc",
    "github.com/viphxin/xingo/telnetcmd",
    "github.com/viphxin/xingo/timer",
    "github.com/viphxin/xingo/utils",
    "gopkg.in/mgo.v2",
    "gopkg.in/mgo.v2/bson",
  ]
  solver-name = "gps-cdcl"
  solver-version = 1
